
Microsoft Visual Studio Solution File, Format Version 12.00
# Visual Studio Version 17
VisualStudioVersion = 17.8.34322.80
MinimumVisualStudioVersion = 10.0.40219.1
Project("{9A19103F-16F7-4668-BE54-9A1E7A4F7556}") = "FileManager", "FileManager\FileManager.csproj", "{6CDC16EE-1CBE-4524-B6CF-345CDD8A3ACB}"
EndProject
Global
	GlobalSection(SolutionConfigurationPlatforms) = preSolution
		Debug|Any CPU = Debug|Any CPU
		Release|Any CPU = Release|Any CPU
	EndGlobalSection
	GlobalSection(ProjectConfigurationPlatforms) = postSolution
		{6CDC16EE-1CBE-4524-B6CF-345CDD8A3ACB}.Debug|Any CPU.ActiveCfg = Debug|Any CPU
		{6CDC16EE-1CBE-4524-B6CF-345CDD8A3ACB}.Debug|Any CPU.Build.0 = Debug|Any CPU
		{6CDC16EE-1CBE-4524-B6CF-345CDD8A3ACB}.Release|Any CPU.ActiveCfg = Release|Any CPU
		{6CDC16EE-1CBE-4524-B6CF-345CDD8A3ACB}.Release|Any CPU.Build.0 = Release|Any CPU
	EndGlobalSection
	GlobalSection(SolutionProperties) = preSolution
		HideSolutionNode = FALSE
	EndGlobalSection
	GlobalSection(ExtensibilityGlobals) = postSolution
		SolutionGuid = {92944CAA-67B3-4ACC-B3FE-440F6DDEDC0A}
	EndGlobalSection
EndGlobal
